
Microsoft Visual Studio Solution File, Format Version 12.00
Project("{FAE04EC0-301F-11D3-BF4B-00C04F79EFBC}") = "QuotePrice.Api", "QuotePrice.Api\QuotePrice.Api.csproj", "{018B059C-CDD7-4C85-B18A-A8219170C464}"
EndProject
Project("{FAE04EC0-301F-11D3-BF4B-00C04F79EFBC}") = "QuotePrice.Domain", "QuotePrice.Domain\QuotePrice.Domain.csproj", "{87D52944-271F-48CB-800D-DB325C4EC55A}"
EndProject
Project("{FAE04EC0-301F-11D3-BF4B-00C04F79EFBC}") = "QuotePrice.Services", "QuotePrice.Services\QuotePrice.Services.csproj", "{AF8AE82A-9C39-4A7C-A3D0-78775AA3314C}"
EndProject
Project("{FAE04EC0-301F-11D3-BF4B-00C04F79EFBC}") = "QuotePrice.Infrastructure", "QuotePrice.Infrastructure\QuotePrice.Infrastructure.csproj", "{6BD27A17-D524-4C7E-A856-C668CC9125E5}"
EndProject
Project("{2150E333-8FDC-42A3-9474-1A3956D46DE8}") = "Tests", "Tests", "{3B73112D-5521-43D7-8D78-7E7443A7185A}"
EndProject
Project("{FAE04EC0-301F-11D3-BF4B-00C04F79EFBC}") = "QuotePrice.Tests", "Tests\QuotePrice.Tests\QuotePrice.Tests.csproj", "{854F27E4-9671-4366-8601-E609EB6F5919}"
EndProject
Project("{2150E333-8FDC-42A3-9474-1A3956D46DE8}") = "Migrations", "Migrations", "{BD3A6E35-C497-4814-A23A-BE0F6E543971}"
EndProject
Project("{FAE04EC0-301F-11D3-BF4B-00C04F79EFBC}") = "QuotePrice.Sqlite", "Migrations\QuotePrice.Sqlite\QuotePrice.Sqlite.csproj", "{3DC8C9FC-16D1-449F-83E1-DEB756968096}"
EndProject
Project("{FAE04EC0-301F-11D3-BF4B-00C04F79EFBC}") = "QuotePrice.Postgres", "Migrations\QuotePrice.Postgres\QuotePrice.Postgres.csproj", "{B19488A1-A2C3-4541-BAB1-6EE130075C04}"
EndProject
Project("{2150E333-8FDC-42A3-9474-1A3956D46DE8}") = "Solution Items", "Solution Items", "{0456C634-60D9-437F-B6B1-475AA25C95F1}"
	ProjectSection(SolutionItems) = preProject
		docker-compose.yml = docker-compose.yml
	EndProjectSection
EndProject
Global
	GlobalSection(SolutionConfigurationPlatforms) = preSolution
		Debug|Any CPU = Debug|Any CPU
		Release|Any CPU = Release|Any CPU
	EndGlobalSection
	GlobalSection(ProjectConfigurationPlatforms) = postSolution
		{018B059C-CDD7-4C85-B18A-A8219170C464}.Debug|Any CPU.ActiveCfg = Debug|Any CPU
		{018B059C-CDD7-4C85-B18A-A8219170C464}.Debug|Any CPU.Build.0 = Debug|Any CPU
		{018B059C-CDD7-4C85-B18A-A8219170C464}.Release|Any CPU.ActiveCfg = Release|Any CPU
		{018B059C-CDD7-4C85-B18A-A8219170C464}.Release|Any CPU.Build.0 = Release|Any CPU
		{87D52944-271F-48CB-800D-DB325C4EC55A}.Debug|Any CPU.ActiveCfg = Debug|Any CPU
		{87D52944-271F-48CB-800D-DB325C4EC55A}.Debug|Any CPU.Build.0 = Debug|Any CPU
		{87D52944-271F-48CB-800D-DB325C4EC55A}.Release|Any CPU.ActiveCfg = Release|Any CPU
		{87D52944-271F-48CB-800D-DB325C4EC55A}.Release|Any CPU.Build.0 = Release|Any CPU
		{AF8AE82A-9C39-4A7C-A3D0-78775AA3314C}.Debug|Any CPU.ActiveCfg = Debug|Any CPU
		{AF8AE82A-9C39-4A7C-A3D0-78775AA3314C}.Debug|Any CPU.Build.0 = Debug|Any CPU
		{AF8AE82A-9C39-4A7C-A3D0-78775AA3314C}.Release|Any CPU.ActiveCfg = Release|Any CPU
		{AF8AE82A-9C39-4A7C-A3D0-78775AA3314C}.Release|Any CPU.Build.0 = Release|Any CPU
		{6BD27A17-D524-4C7E-A856-C668CC9125E5}.Debug|Any CPU.ActiveCfg = Debug|Any CPU
		{6BD27A17-D524-4C7E-A856-C668CC9125E5}.Debug|Any CPU.Build.0 = Debug|Any CPU
		{6BD27A17-D524-4C7E-A856-C668CC9125E5}.Release|Any CPU.ActiveCfg = Release|Any CPU
		{6BD27A17-D524-4C7E-A856-C668CC9125E5}.Release|Any CPU.Build.0 = Release|Any CPU
		{854F27E4-9671-4366-8601-E609EB6F5919}.Debug|Any CPU.ActiveCfg = Debug|Any CPU
		{854F27E4-9671-4366-8601-E609EB6F5919}.Debug|Any CPU.Build.0 = Debug|Any CPU
		{854F27E4-9671-4366-8601-E609EB6F5919}.Release|Any CPU.ActiveCfg = Release|Any CPU
		{854F27E4-9671-4366-8601-E609EB6F5919}.Release|Any CPU.Build.0 = Release|Any CPU
		{3DC8C9FC-16D1-449F-83E1-DEB756968096}.Debug|Any CPU.ActiveCfg = Debug|Any CPU
		{3DC8C9FC-16D1-449F-83E1-DEB756968096}.Debug|Any CPU.Build.0 = Debug|Any CPU
		{3DC8C9FC-16D1-449F-83E1-DEB756968096}.Release|Any CPU.ActiveCfg = Release|Any CPU
		{3DC8C9FC-16D1-449F-83E1-DEB756968096}.Release|Any CPU.Build.0 = Release|Any CPU
		{B19488A1-A2C3-4541-BAB1-6EE130075C04}.Debug|Any CPU.ActiveCfg = Debug|Any CPU
		{B19488A1-A2C3-4541-BAB1-6EE130075C04}.Debug|Any CPU.Build.0 = Debug|Any CPU
		{B19488A1-A2C3-4541-BAB1-6EE130075C04}.Release|Any CPU.ActiveCfg = Release|Any CPU
		{B19488A1-A2C3-4541-BAB1-6EE130075C04}.Release|Any CPU.Build.0 = Release|Any CPU
	EndGlobalSection
	GlobalSection(NestedProjects) = preSolution
		{854F27E4-9671-4366-8601-E609EB6F5919} = {3B73112D-5521-43D7-8D78-7E7443A7185A}
		{3DC8C9FC-16D1-449F-83E1-DEB756968096} = {BD3A6E35-C497-4814-A23A-BE0F6E543971}
		{B19488A1-A2C3-4541-BAB1-6EE130075C04} = {BD3A6E35-C497-4814-A23A-BE0F6E543971}
	EndGlobalSection
EndGlobal
